packages:
  - name: dbt_utils
    package: dbt-labs/dbt_utils
    version: 1.4.1
  - name: dbt_date
    package: calogica/dbt_date
    version: 0.10.1
  - name: dbt_expectations
    package: calogica/dbt_expectations
    version: 0.10.4
  - name: dbt_project_evaluator
    package: dbt-labs/dbt_project_evaluator
    version: 0.14.3
sha1_hash: 9ba2d46fac3a09d11a0aef1266eabdc711463a43
